
Microsoft Visual Studio Solution File, Format Version 12.00
# Visual Studio 14
VisualStudioVersion = 14.0.25420.1
MinimumVisualStudioVersion = 10.0.40219.1
Project("{8BB2217D-0F2D-49D1-97BC-3654ED321F3B}") = "Narato.LogExtensions", "src\Narato.LogExtensions\Narato.LogExtensions.xproj", "{7B969D7E-C851-4263-B5A5-A6799FE05AD6}"
EndProject
Project("{2150E333-8FDC-42A3-9474-1A3956D46DE8}") = "src", "src", "{4A84F460-13B2-4D0A-AE0E-73A6D622788B}"
EndProject
Project("{2150E333-8FDC-42A3-9474-1A3956D46DE8}") = "test", "test", "{E06094DD-04FB-45E9-9D5A-686EDA4F4ED6}"
EndProject
Project("{8BB2217D-0F2D-49D1-97BC-3654ED321F3B}") = "Narato.LogExtensions.Test", "test\Narato.LogExtensions.Test\Narato.LogExtensions.Test.xproj", "{6B803550-F14B-41CD-AD51-E9669D4F3235}"
EndProject
Global
	GlobalSection(SolutionConfigurationPlatforms) = preSolution
		Debug|Any CPU = Debug|Any CPU
		Release|Any CPU = Release|Any CPU
	EndGlobalSection
	GlobalSection(ProjectConfigurationPlatforms) = postSolution
		{7B969D7E-C851-4263-B5A5-A6799FE05AD6}.Debug|Any CPU.ActiveCfg = Debug|Any CPU
		{7B969D7E-C851-4263-B5A5-A6799FE05AD6}.Debug|Any CPU.Build.0 = Debug|Any CPU
		{7B969D7E-C851-4263-B5A5-A6799FE05AD6}.Release|Any CPU.ActiveCfg = Release|Any CPU
		{7B969D7E-C851-4263-B5A5-A6799FE05AD6}.Release|Any CPU.Build.0 = Release|Any CPU
		{6B803550-F14B-41CD-AD51-E9669D4F3235}.Debug|Any CPU.ActiveCfg = Debug|Any CPU
		{6B803550-F14B-41CD-AD51-E9669D4F3235}.Debug|Any CPU.Build.0 = Debug|Any CPU
		{6B803550-F14B-41CD-AD51-E9669D4F3235}.Release|Any CPU.ActiveCfg = Release|Any CPU
		{6B803550-F14B-41CD-AD51-E9669D4F3235}.Release|Any CPU.Build.0 = Release|Any CPU
	EndGlobalSection
	GlobalSection(SolutionProperties) = preSolution
		HideSolutionNode = FALSE
	EndGlobalSection
	GlobalSection(NestedProjects) = preSolution
		{7B969D7E-C851-4263-B5A5-A6799FE05AD6} = {4A84F460-13B2-4D0A-AE0E-73A6D622788B}
		{6B803550-F14B-41CD-AD51-E9669D4F3235} = {E06094DD-04FB-45E9-9D5A-686EDA4F4ED6}
	EndGlobalSection
EndGlobal
